
Microsoft Visual Studio Solution File, Format Version 12.00
# Visual Studio Version 17
VisualStudioVersion = 17.9.34714.143
MinimumVisualStudioVersion = 10.0.40219.1
Project("{FAE04EC0-301F-11D3-BF4B-00C04F79EFBC}") = "SearchingAlgorithmsa", "SearchingAlgorithmsa\SearchingAlgorithmsa.csproj", "{E67197A6-FD50-4A96-A09B-F29762951F80}"
EndProject
Global
	GlobalSection(SolutionConfigurationPlatforms) = preSolution
		Debug|Any CPU = Debug|Any CPU
		Release|Any CPU = Release|Any CPU
	EndGlobalSection
	GlobalSection(ProjectConfigurationPlatforms) = postSolution
		{E67197A6-FD50-4A96-A09B-F29762951F80}.Debug|Any CPU.ActiveCfg = Debug|Any CPU
		{E67197A6-FD50-4A96-A09B-F29762951F80}.Debug|Any CPU.Build.0 = Debug|Any CPU
		{E67197A6-FD50-4A96-A09B-F29762951F80}.Release|Any CPU.ActiveCfg = Release|Any CPU
		{E67197A6-FD50-4A96-A09B-F29762951F80}.Release|Any CPU.Build.0 = Release|Any CPU
	EndGlobalSection
	GlobalSection(SolutionProperties) = preSolution
		HideSolutionNode = FALSE
	EndGlobalSection
	GlobalSection(ExtensibilityGlobals) = postSolution
		SolutionGuid = {CFBE2157-D836-4750-B64C-784F58C3DAFE}
	EndGlobalSection
EndGlobal
